
Microsoft Visual Studio Solution File, Format Version 12.00
# Visual Studio 15
VisualStudioVersion = 15.0.28307.421
MinimumVisualStudioVersion = 10.0.40219.1
Project("{FAE04EC0-301F-11D3-BF4B-00C04F79EFBC}") = "PruebaGAPConsole", "PruebaGAPConsole\PruebaGAPConsole.csproj", "{4F365A71-8D8F-4C30-A46E-8C2844D3183C}"
EndProject
Global
	GlobalSection(SolutionConfigurationPlatforms) = preSolution
		Debug|Any CPU = Debug|Any CPU
		Release|Any CPU = Release|Any CPU
	EndGlobalSection
	GlobalSection(ProjectConfigurationPlatforms) = postSolution
		{4F365A71-8D8F-4C30-A46E-8C2844D3183C}.Debug|Any CPU.ActiveCfg = Debug|Any CPU
		{4F365A71-8D8F-4C30-A46E-8C2844D3183C}.Debug|Any CPU.Build.0 = Debug|Any CPU
		{4F365A71-8D8F-4C30-A46E-8C2844D3183C}.Release|Any CPU.ActiveCfg = Release|Any CPU
		{4F365A71-8D8F-4C30-A46E-8C2844D3183C}.Release|Any CPU.Build.0 = Release|Any CPU
	EndGlobalSection
	GlobalSection(SolutionProperties) = preSolution
		HideSolutionNode = FALSE
	EndGlobalSection
	GlobalSection(ExtensibilityGlobals) = postSolution
		SolutionGuid = {5B991D4E-BA5F-4088-A85C-B0B59D5DA330}
	EndGlobalSection
EndGlobal
