
Microsoft Visual Studio Solution File, Format Version 12.00
# Visual Studio 15
VisualStudioVersion = 15.0.28307.421
MinimumVisualStudioVersion = 10.0.40219.1
Project("{FAE04EC0-301F-11D3-BF4B-00C04F79EFBC}") = "WebAPIStudent", "WebAPIStudent\WebAPIStudent.csproj", "{EBB0CFC7-BE7C-49AA-893A-A1FA114562EA}"
EndProject
Global
	GlobalSection(SolutionConfigurationPlatforms) = preSolution
		Debug|Any CPU = Debug|Any CPU
		Release|Any CPU = Release|Any CPU
	EndGlobalSection
	GlobalSection(ProjectConfigurationPlatforms) = postSolution
		{EBB0CFC7-BE7C-49AA-893A-A1FA114562EA}.Debug|Any CPU.ActiveCfg = Debug|Any CPU
		{EBB0CFC7-BE7C-49AA-893A-A1FA114562EA}.Debug|Any CPU.Build.0 = Debug|Any CPU
		{EBB0CFC7-BE7C-49AA-893A-A1FA114562EA}.Release|Any CPU.ActiveCfg = Release|Any CPU
		{EBB0CFC7-BE7C-49AA-893A-A1FA114562EA}.Release|Any CPU.Build.0 = Release|Any CPU
	EndGlobalSection
	GlobalSection(SolutionProperties) = preSolution
		HideSolutionNode = FALSE
	EndGlobalSection
	GlobalSection(ExtensibilityGlobals) = postSolution
		SolutionGuid = {B6DE4196-EBB5-471D-A5F4-6DFD9E1AAE17}
	EndGlobalSection
EndGlobal
